
Microsoft Visual Studio Solution File, Format Version 12.00
# Visual Studio Version 17
VisualStudioVersion = 17.3.32929.385
MinimumVisualStudioVersion = 10.0.40219.1
Project("{9A19103F-16F7-4668-BE54-9A1E7A4F7556}") = "PruebaTecnicaDotNet.Server", "PruebaTecnicaDotNet\Server\PruebaTecnicaDotNet.Server.csproj", "{DD07D664-AA07-4FF9-B80B-D084E744319A}"
EndProject
Project("{9A19103F-16F7-4668-BE54-9A1E7A4F7556}") = "PruebaTecnicaDotNet.Client", "PruebaTecnicaDotNet\Client\PruebaTecnicaDotNet.Client.csproj", "{B52DA8FA-815B-449A-B635-295AD203E80B}"
EndProject
Project("{9A19103F-16F7-4668-BE54-9A1E7A4F7556}") = "PruebaTecnicaDotNet.Shared", "PruebaTecnicaDotNet\Shared\PruebaTecnicaDotNet.Shared.csproj", "{6E8FDA42-5A3C-42E2-963E-3F27F0729D34}"
EndProject
Global
	GlobalSection(SolutionConfigurationPlatforms) = preSolution
		Debug|Any CPU = Debug|Any CPU
		Release|Any CPU = Release|Any CPU
	EndGlobalSection
	GlobalSection(ProjectConfigurationPlatforms) = postSolution
		{DD07D664-AA07-4FF9-B80B-D084E744319A}.Debug|Any CPU.ActiveCfg = Debug|Any CPU
		{DD07D664-AA07-4FF9-B80B-D084E744319A}.Debug|Any CPU.Build.0 = Debug|Any CPU
		{DD07D664-AA07-4FF9-B80B-D084E744319A}.Release|Any CPU.ActiveCfg = Release|Any CPU
		{DD07D664-AA07-4FF9-B80B-D084E744319A}.Release|Any CPU.Build.0 = Release|Any CPU
		{B52DA8FA-815B-449A-B635-295AD203E80B}.Debug|Any CPU.ActiveCfg = Debug|Any CPU
		{B52DA8FA-815B-449A-B635-295AD203E80B}.Debug|Any CPU.Build.0 = Debug|Any CPU
		{B52DA8FA-815B-449A-B635-295AD203E80B}.Release|Any CPU.ActiveCfg = Release|Any CPU
		{B52DA8FA-815B-449A-B635-295AD203E80B}.Release|Any CPU.Build.0 = Release|Any CPU
		{6E8FDA42-5A3C-42E2-963E-3F27F0729D34}.Debug|Any CPU.ActiveCfg = Debug|Any CPU
		{6E8FDA42-5A3C-42E2-963E-3F27F0729D34}.Debug|Any CPU.Build.0 = Debug|Any CPU
		{6E8FDA42-5A3C-42E2-963E-3F27F0729D34}.Release|Any CPU.ActiveCfg = Release|Any CPU
		{6E8FDA42-5A3C-42E2-963E-3F27F0729D34}.Release|Any CPU.Build.0 = Release|Any CPU
	EndGlobalSection
	GlobalSection(SolutionProperties) = preSolution
		HideSolutionNode = FALSE
	EndGlobalSection
	GlobalSection(ExtensibilityGlobals) = postSolution
		SolutionGuid = {F593D4FC-9E60-4D6C-A895-8D6C06153A9B}
	EndGlobalSection
EndGlobal
